// !$*UTF8*$!
{
	archiveVersion = 1;
	classes = {
	};
	objectVersion = 50;
	objects = {

/* Begin PBXBuildFile section */
		AB3719E126648E5F0067BA76 /* AppDelegate.swift in Sources */ = {isa = PBXBuildFile; fileRef = AB3719E026648E5F0067BA76 /* AppDelegate.swift */; };
		AB3719E326648E5F0067BA76 /* SceneDelegate.swift in Sources */ = {isa = PBXBuildFile; fileRef = AB3719E226648E5F0067BA76 /* SceneDelegate.swift */; };
		AB3719E526648E5F0067BA76 /* ViewController.swift in Sources */ = {isa = PBXBuildFile; fileRef = AB3719E426648E5F0067BA76 /* ViewController.swift */; };
		AB3719E826648E5F0067BA76 /* Main.storyboard in Resources */ = {isa = PBXBuildFile; fileRef = AB3719E626648E5F0067BA76 /* Main.storyboard */; };
		AB3719EA26648E620067BA76 /* Assets.xcassets in Resources */ = {isa = PBXBuildFile; fileRef = AB3719E926648E620067BA76 /* Assets.xcassets */; };
		AB3719ED26648E620067BA76 /* LaunchScreen.storyboard in Resources */ = {isa = PBXBuildFile; fileRef = AB3719EB26648E620067BA76 /* LaunchScreen.storyboard */; };
		AB93C2292668DF8A00C3AE8F /* ThemeColorViewController.swift in Sources */ = {isa = PBXBuildFile; fileRef = AB93C2282668DF8A00C3AE8F /* ThemeColorViewController.swift */; };
		AB93C22C2668E13200C3AE8F /* ThemeColorCollectionViewCell.swift in Sources */ = {isa = PBXBuildFile; fileRef = AB93C22A2668E13200C3AE8F /* ThemeColorCollectionViewCell.swift */; };
		AB93C22D2668E13200C3AE8F /* ThemeColorCollectionViewCell.xib in Resources */ = {isa = PBXBuildFile; fileRef = AB93C22B2668E13200C3AE8F /* ThemeColorCollectionViewCell.xib */; };
/* End PBXBuildFile section */

/* Begin PBXFileReference section */
		AB3719DD26648E5F0067BA76 /* TheMaterialThemeEditor.app */ = {isa = PBXFileReference; explicitFileType = wrapper.application; includeInIndex = 0; path = TheMaterialThemeEditor.app; sourceTree = BUILT_PRODUCTS_DIR; };
		AB3719E026648E5F0067BA76 /* AppDelegate.swift */ = {isa = PBXFileReference; lastKnownFileType = sourcecode.swift; path = AppDelegate.swift; sourceTree = "<group>"; };
		AB3719E226648E5F0067BA76 /* SceneDelegate.swift */ = {isa = PBXFileReference; lastKnownFileType = sourcecode.swift; path = SceneDelegate.swift; sourceTree = "<group>"; };
		AB3719E426648E5F0067BA76 /* ViewController.swift */ = {isa = PBXFileReference; lastKnownFileType = sourcecode.swift; path = ViewController.swift; sourceTree = "<group>"; };
		AB3719E726648E5F0067BA76 /* Base */ = {isa = PBXFileReference; lastKnownFileType = file.storyboard; name = Base; path = Base.lproj/Main.storyboard; sourceTree = "<group>"; };
		AB3719E926648E620067BA76 /* Assets.xcassets */ = {isa = PBXFileReference; lastKnownFileType = folder.assetcatalog; path = Assets.xcassets; sourceTree = "<group>"; };
		AB3719EC26648E620067BA76 /* Base */ = {isa = PBXFileReference; lastKnownFileType = file.storyboard; name = Base; path = Base.lproj/LaunchScreen.storyboard; sourceTree = "<group>"; };
		AB3719EE26648E620067BA76 /* Info.plist */ = {isa = PBXFileReference; lastKnownFileType = text.plist.xml; path = Info.plist; sourceTree = "<group>"; };
		AB93C2282668DF8A00C3AE8F /* ThemeColorViewController.swift */ = {isa = PBXFileReference; lastKnownFileType = sourcecode.swift; path = ThemeColorViewController.swift; sourceTree = "<group>"; };
		AB93C22A2668E13200C3AE8F /* ThemeColorCollectionViewCell.swift */ = {isa = PBXFileReference; lastKnownFileType = sourcecode.swift; path = ThemeColorCollectionViewCell.swift; sourceTree = "<group>"; };
		AB93C22B2668E13200C3AE8F /* ThemeColorCollectionViewCell.xib */ = {isa = PBXFileReference; lastKnownFileType = file.xib; path = ThemeColorCollectionViewCell.xib; sourceTree = "<group>"; };
/* End PBXFileReference section */

/* Begin PBXFrameworksBuildPhase section */
		AB3719DA26648E5F0067BA76 /* Frameworks */ = {
			isa = PBXFrameworksBuildPhase;
			buildActionMask = 2147483647;
			files = (
			);
			runOnlyForDeploymentPostprocessing = 0;
		};
/* End PBXFrameworksBuildPhase section */

/* Begin PBXGroup section */
		AB3719D426648E5F0067BA76 = {
			isa = PBXGroup;
			children = (
				AB3719DF26648E5F0067BA76 /* TheMaterialThemeEditor */,
				AB3719DE26648E5F0067BA76 /* Products */,
			);
			sourceTree = "<group>";
		};
		AB3719DE26648E5F0067BA76 /* Products */ = {
			isa = PBXGroup;
			children = (
				AB3719DD26648E5F0067BA76 /* TheMaterialThemeEditor.app */,
			);
			name = Products;
			sourceTree = "<group>";
		};
		AB3719DF26648E5F0067BA76 /* TheMaterialThemeEditor */ = {
			isa = PBXGroup;
			children = (
				AB3719E026648E5F0067BA76 /* AppDelegate.swift */,
				AB3719E226648E5F0067BA76 /* SceneDelegate.swift */,
				AB3719E426648E5F0067BA76 /* ViewController.swift */,
				AB93C2282668DF8A00C3AE8F /* ThemeColorViewController.swift */,
				AB93C22A2668E13200C3AE8F /* ThemeColorCollectionViewCell.swift */,
				AB93C22B2668E13200C3AE8F /* ThemeColorCollectionViewCell.xib */,
				AB3719E626648E5F0067BA76 /* Main.storyboard */,
				AB3719E926648E620067BA76 /* Assets.xcassets */,
				AB3719EB26648E620067BA76 /* LaunchScreen.storyboard */,
				AB3719EE26648E620067BA76 /* Info.plist */,
			);
			path = TheMaterialThemeEditor;
			sourceTree = "<group>";
		};
/* End PBXGroup section */

/* Begin PBXNativeTarget section */
		AB3719DC26648E5F0067BA76 /* TheMaterialThemeEditor */ = {
			isa = PBXNativeTarget;
			buildConfigurationList = AB3719F126648E620067BA76 /* Build configuration list for PBXNativeTarget "TheMaterialThemeEditor" */;
			buildPhases = (
				AB3719D926648E5F0067BA76 /* Sources */,
				AB3719DA26648E5F0067BA76 /* Frameworks */,
				AB3719DB26648E5F0067BA76 /* Resources */,
			);
			buildRules = (
			);
			dependencies = (
			);
			name = TheMaterialThemeEditor;
			productName = TheMaterialThemeEditor;
			productReference = AB3719DD26648E5F0067BA76 /* TheMaterialThemeEditor.app */;
			productType = "com.apple.product-type.application";
		};
/* End PBXNativeTarget section */

/* Begin PBXProject section */
		AB3719D526648E5F0067BA76 /* Project object */ = {
			isa = PBXProject;
			attributes = {
				LastSwiftUpdateCheck = 1250;
				LastUpgradeCheck = 1250;
				TargetAttributes = {
					AB3719DC26648E5F0067BA76 = {
						CreatedOnToolsVersion = 12.5;
					};
				};
			};
			buildConfigurationList = AB3719D826648E5F0067BA76 /* Build configuration list for PBXProject "TheMaterialThemeEditor" */;
			compatibilityVersion = "Xcode 9.3";
			developmentRegion = en;
			hasScannedForEncodings = 0;
			knownRegions = (
				en,
				Base,
			);
			mainGroup = AB3719D426648E5F0067BA76;
			productRefGroup = AB3719DE26648E5F0067BA76 /* Products */;
			projectDirPath = "";
			projectRoot = "";
			targets = (
				AB3719DC26648E5F0067BA76 /* TheMaterialThemeEditor */,
			);
		};
/* End PBXProject section */

/* Begin PBXResourcesBuildPhase section */
		AB3719DB26648E5F0067BA76 /* Resources */ = {
			isa = PBXResourcesBuildPhase;
			buildActionMask = 2147483647;
			files = (
				AB93C22D2668E13200C3AE8F /* ThemeColorCollectionViewCell.xib in Resources */,
				AB3719ED26648E620067BA76 /* LaunchScreen.storyboard in Resources */,
				AB3719EA26648E620067BA76 /* Assets.xcassets in Resources */,
				AB3719E826648E5F0067BA76 /* Main.storyboard in Resources */,
			);
			runOnlyForDeploymentPostprocessing = 0;
		};
/* End PBXResourcesBuildPhase section */

/* Begin PBXSourcesBuildPhase section */
		AB3719D926648E5F0067BA76 /* Sources */ = {
			isa = PBXSourcesBuildPhase;
			buildActionMask = 2147483647;
			files = (
				AB93C22C2668E13200C3AE8F /* ThemeColorCollectionViewCell.swift in Sources */,
				AB3719E526648E5F0067BA76 /* ViewController.swift in Sources */,
				AB3719E126648E5F0067BA76 /* AppDelegate.swift in Sources */,
				AB93C2292668DF8A00C3AE8F /* ThemeColorViewController.swift in Sources */,
				AB3719E326648E5F0067BA76 /* SceneDelegate.swift in Sources */,
			);
			runOnlyForDeploymentPostprocessing = 0;
		};
/* End PBXSourcesBuildPhase section */

/* Begin PBXVariantGroup section */
		AB3719E626648E5F0067BA76 /* Main.storyboard */ = {
			isa = PBXVariantGroup;
			children = (
				AB3719E726648E5F0067BA76 /* Base */,
			);
			name = Main.storyboard;
			sourceTree = "<group>";
		};
		AB3719EB26648E620067BA76 /* LaunchScreen.storyboard */ = {
			isa = PBXVariantGroup;
			children = (
				AB3719EC26648E620067BA76 /* Base */,
			);
			name = LaunchScreen.storyboard;
			sourceTree = "<group>";
		};
/* End PBXVariantGroup section */

/* Begin XCBuildConfiguration section */
		AB3719EF26648E620067BA76 /* Debug */ = {
			isa = XCBuildConfiguration;
			buildSettings = {
				ALWAYS_SEARCH_USER_PATHS = NO;
				CLANG_ANALYZER_NONNULL = YES;
				CLANG_ANALYZER_NUMBER_OBJECT_CONVERSION = YES_AGGRESSIVE;
				CLANG_CXX_LANGUAGE_STANDARD = "gnu++14";
				CLANG_CXX_LIBRARY = "libc++";
				CLANG_ENABLE_MODULES = YES;
				CLANG_ENABLE_OBJC_ARC = YES;
				CLANG_ENABLE_OBJC_WEAK = YES;
				CLANG_WARN_BLOCK_CAPTURE_AUTORELEASING = YES;
				CLANG_WARN_BOOL_CONVERSION = YES;
				CLANG_WARN_COMMA = YES;
				CLANG_WARN_CONSTANT_CONVERSION = YES;
				CLANG_WARN_DEPRECATED_OBJC_IMPLEMENTATIONS = YES;
				CLANG_WARN_DIRECT_OBJC_ISA_USAGE = YES_ERROR;
				CLANG_WARN_DOCUMENTATION_COMMENTS = YES;
				CLANG_WARN_EMPTY_BODY = YES;
				CLANG_WARN_ENUM_CONVERSION = YES;
				CLANG_WARN_INFINITE_RECURSION = YES;
				CLANG_WARN_INT_CONVERSION = YES;
				CLANG_WARN_NON_LITERAL_NULL_CONVERSION = YES;
				CLANG_WARN_OBJC_IMPLICIT_RETAIN_SELF = YES;
				CLANG_WARN_OBJC_LITERAL_CONVERSION = YES;
				CLANG_WARN_OBJC_ROOT_CLASS = YES_ERROR;
				CLANG_WARN_QUOTED_INCLUDE_IN_FRAMEWORK_HEADER = YES;
				CLANG_WARN_RANGE_LOOP_ANALYSIS = YES;
				CLANG_WARN_STRICT_PROTOTYPES = YES;
				CLANG_WARN_SUSPICIOUS_MOVE = YES;
				CLANG_WARN_UNGUARDED_AVAILABILITY = YES_AGGRESSIVE;
				CLANG_WARN_UNREACHABLE_CODE = YES;
				CLANG_WARN__DUPLICATE_METHOD_MATCH = YES;
				COPY_PHASE_STRIP = NO;
				DEBUG_INFORMATION_FORMAT = dwarf;
				ENABLE_STRICT_OBJC_MSGSEND = YES;
				ENABLE_TESTABILITY = YES;
				GCC_C_LANGUAGE_STANDARD = gnu11;
				GCC_DYNAMIC_NO_PIC = NO;
				GCC_NO_COMMON_BLOCKS = YES;
				GCC_OPTIMIZATION_LEVEL = 0;
				GCC_PREPROCESSOR_DEFINITIONS = (
					"DEBUG=1",
					"$(inherited)",
				);
				GCC_WARN_64_TO_32_BIT_CONVERSION = YES;
				GCC_WARN_ABOUT_RETURN_TYPE = YES_ERROR;
				GCC_WARN_UNDECLARED_SELECTOR = YES;
				GCC_WARN_UNINITIALIZED_AUTOS = YES_AGGRESSIVE;
				GCC_WARN_UNUSED_FUNCTION = YES;
				GCC_WARN_UNUSED_VARIABLE = YES;
				IPHONEOS_DEPLOYMENT_TARGET = 14.5;
				MTL_ENABLE_DEBUG_INFO = INCLUDE_SOURCE;
				MTL_FAST_MATH = YES;
				ONLY_ACTIVE_ARCH = YES;
				SDKROOT = iphoneos;
				SWIFT_ACTIVE_COMPILATION_CONDITIONS = DEBUG;
				SWIFT_OPTIMIZATION_LEVEL = "-Onone";
			};
			name = Debug;
		};
		AB3719F026648E620067BA76 /* Release */ = {
			isa = XCBuildConfiguration;
			buildSettings = {
				ALWAYS_SEARCH_USER_PATHS = NO;
				CLANG_ANALYZER_NONNULL = YES;
				CLANG_ANALYZER_NUMBER_OBJECT_CONVERSION = YES_AGGRESSIVE;
				CLANG_CXX_LANGUAGE_STANDARD = "gnu++14";
				CLANG_CXX_LIBRARY = "libc++";
				CLANG_ENABLE_MODULES = YES;
				CLANG_ENABLE_OBJC_ARC = YES;
				CLANG_ENABLE_OBJC_WEAK = YES;
				CLANG_WARN_BLOCK_CAPTURE_AUTORELEASING = YES;
				CLANG_WARN_BOOL_CONVERSION = YES;
				CLANG_WARN_COMMA = YES;
				CLANG_WARN_CONSTANT_CONVERSION = YES;
				CLANG_WARN_DEPRECATED_OBJC_IMPLEMENTATIONS = YES;
				CLANG_WARN_DIRECT_OBJC_ISA_USAGE = YES_ERROR;
				CLANG_WARN_DOCUMENTATION_COMMENTS = YES;
				CLANG_WARN_EMPTY_BODY = YES;
				CLANG_WARN_ENUM_CONVERSION = YES;
				CLANG_WARN_INFINITE_RECURSION = YES;
				CLANG_WARN_INT_CONVERSION = YES;
				CLANG_WARN_NON_LITERAL_NULL_CONVERSION = YES;
				CLANG_WARN_OBJC_IMPLICIT_RETAIN_SELF = YES;
				CLANG_WARN_OBJC_LITERAL_CONVERSION = YES;
				CLANG_WARN_OBJC_ROOT_CLASS = YES_ERROR;
				CLANG_WARN_QUOTED_INCLUDE_IN_FRAMEWORK_HEADER = YES;
				CLANG_WARN_RANGE_LOOP_ANALYSIS = YES;
				CLANG_WARN_STRICT_PROTOTYPES = YES;
				CLANG_WARN_SUSPICIOUS_MOVE = YES;
				CLANG_WARN_UNGUARDED_AVAILABILITY = YES_AGGRESSIVE;
				CLANG_WARN_UNREACHABLE_CODE = YES;
				CLANG_WARN__DUPLICATE_METHOD_MATCH = YES;
				COPY_PHASE_STRIP = NO;
				DEBUG_INFORMATION_FORMAT = "dwarf-with-dsym";
				ENABLE_NS_ASSERTIONS = NO;
				ENABLE_STRICT_OBJC_MSGSEND = YES;
				GCC_C_LANGUAGE_STANDARD = gnu11;
				GCC_NO_COMMON_BLOCKS = YES;
				GCC_WARN_64_TO_32_BIT_CONVERSION = YES;
				GCC_WARN_ABOUT_RETURN_TYPE = YES_ERROR;
				GCC_WARN_UNDECLARED_SELECTOR = YES;
				GCC_WARN_UNINITIALIZED_AUTOS = YES_AGGRESSIVE;
				GCC_WARN_UNUSED_FUNCTION = YES;
				GCC_WARN_UNUSED_VARIABLE = YES;
				IPHONEOS_DEPLOYMENT_TARGET = 14.5;
				MTL_ENABLE_DEBUG_INFO = NO;
				MTL_FAST_MATH = YES;
				SDKROOT = iphoneos;
				SWIFT_COMPILATION_MODE = wholemodule;
				SWIFT_OPTIMIZATION_LEVEL = "-O";
				VALIDATE_PRODUCT = YES;
			};
			name = Release;
		};
		AB3719F226648E620067BA76 /* Debug */ = {
			isa = XCBuildConfiguration;
			buildSettings = {
				ASSETCATALOG_COMPILER_APPICON_NAME = AppIcon;
				ASSETCATALOG_COMPILER_GLOBAL_ACCENT_COLOR_NAME = AccentColor;
				CODE_SIGN_STYLE = Automatic;
				DEVELOPMENT_TEAM = 242KS3V77L;
				INFOPLIST_FILE = TheMaterialThemeEditor/Info.plist;
				LD_RUNPATH_SEARCH_PATHS = (
					"$(inherited)",
					"@executable_path/Frameworks",
				);
				PRODUCT_BUNDLE_IDENTIFIER = oonishireon.TheMaterialThemeEditor;
				PRODUCT_NAME = "$(TARGET_NAME)";
				SWIFT_VERSION = 5.0;
				TARGETED_DEVICE_FAMILY = "1,2";
			};
			name = Debug;
		};
		AB3719F326648E620067BA76 /* Release */ = {
			isa = XCBuildConfiguration;
			buildSettings = {
				ASSETCATALOG_COMPILER_APPICON_NAME = AppIcon;
				ASSETCATALOG_COMPILER_GLOBAL_ACCENT_COLOR_NAME = AccentColor;
				CODE_SIGN_STYLE = Automatic;
				DEVELOPMENT_TEAM = 242KS3V77L;
				INFOPLIST_FILE = TheMaterialThemeEditor/Info.plist;
				LD_RUNPATH_SEARCH_PATHS = (
					"$(inherited)",
					"@executable_path/Frameworks",
				);
				PRODUCT_BUNDLE_IDENTIFIER = oonishireon.TheMaterialThemeEditor;
				PRODUCT_NAME = "$(TARGET_NAME)";
				SWIFT_VERSION = 5.0;
				TARGETED_DEVICE_FAMILY = "1,2";
			};
			name = Release;
		};
/* End XCBuildConfiguration section */

/* Begin XCConfigurationList section */
		AB3719D826648E5F0067BA76 /* Build configuration list for PBXProject "TheMaterialThemeEditor" */ = {
			isa = XCConfigurationList;
			buildConfigurations = (
				AB3719EF26648E620067BA76 /* Debug */,
				AB3719F026648E620067BA76 /* Release */,
			);
			defaultConfigurationIsVisible = 0;
			defaultConfigurationName = Release;
		};
		AB3719F126648E620067BA76 /* Build configuration list for PBXNativeTarget "TheMaterialThemeEditor" */ = {
			isa = XCConfigurationList;
			buildConfigurations = (
				AB3719F226648E620067BA76 /* Debug */,
				AB3719F326648E620067BA76 /* Release */,
			);
			defaultConfigurationIsVisible = 0;
			defaultConfigurationName = Release;
		};
/* End XCConfigurationList section */
	};
	rootObject = AB3719D526648E5F0067BA76 /* Project object */;
}
